
Microsoft Visual Studio Solution File, Format Version 12.00
# Visual Studio Version 17
VisualStudioVersion = 17.6.33723.286
MinimumVisualStudioVersion = 10.0.40219.1
Project("{FAE04EC0-301F-11D3-BF4B-00C04F79EFBC}") = "ChallengeApp", "ChallengeApp\ChallengeApp.csproj", "{C7C5DD51-EF23-4C63-ADEB-2FFE0068DBB8}"
EndProject
Project("{FAE04EC0-301F-11D3-BF4B-00C04F79EFBC}") = "ChallengeApp.Tests", "..\ChallengeApp.Tests\ChallengeApp.Tests.csproj", "{6FC87CAE-93BC-4C05-8B1E-7CED6E2F3FBA}"
EndProject
Global
	GlobalSection(SolutionConfigurationPlatforms) = preSolution
		Debug|Any CPU = Debug|Any CPU
		Release|Any CPU = Release|Any CPU
	EndGlobalSection
	GlobalSection(ProjectConfigurationPlatforms) = postSolution
		{C7C5DD51-EF23-4C63-ADEB-2FFE0068DBB8}.Debug|Any CPU.ActiveCfg = Debug|Any CPU
		{C7C5DD51-EF23-4C63-ADEB-2FFE0068DBB8}.Debug|Any CPU.Build.0 = Debug|Any CPU
		{C7C5DD51-EF23-4C63-ADEB-2FFE0068DBB8}.Release|Any CPU.ActiveCfg = Release|Any CPU
		{C7C5DD51-EF23-4C63-ADEB-2FFE0068DBB8}.Release|Any CPU.Build.0 = Release|Any CPU
		{6FC87CAE-93BC-4C05-8B1E-7CED6E2F3FBA}.Debug|Any CPU.ActiveCfg = Debug|Any CPU
		{6FC87CAE-93BC-4C05-8B1E-7CED6E2F3FBA}.Debug|Any CPU.Build.0 = Debug|Any CPU
		{6FC87CAE-93BC-4C05-8B1E-7CED6E2F3FBA}.Release|Any CPU.ActiveCfg = Release|Any CPU
		{6FC87CAE-93BC-4C05-8B1E-7CED6E2F3FBA}.Release|Any CPU.Build.0 = Release|Any CPU
	EndGlobalSection
	GlobalSection(SolutionProperties) = preSolution
		HideSolutionNode = FALSE
	EndGlobalSection
	GlobalSection(ExtensibilityGlobals) = postSolution
		SolutionGuid = {C6E1D6B5-5A8A-4E21-BD92-8804CAA0C941}
	EndGlobalSection
EndGlobal
